// !$*UTF8*$!
{
	archiveVersion = 1;
	classes = {
	};
	objectVersion = 46;
	objects = {

/* Begin PBXBuildFile section */
		D23D3B3B1EF04C3300FA4E92 /* AppDelegate.swift in Sources */ = {isa = PBXBuildFile; fileRef = D23D3B3A1EF04C3300FA4E92 /* AppDelegate.swift */; };
		D23D3B3D1EF04C3300FA4E92 /* ViewController.swift in Sources */ = {isa = PBXBuildFile; fileRef = D23D3B3C1EF04C3300FA4E92 /* ViewController.swift */; };
		D23D3B401EF04C3300FA4E92 /* Main.storyboard in Resources */ = {isa = PBXBuildFile; fileRef = D23D3B3E1EF04C3300FA4E92 /* Main.storyboard */; };
		D23D3B421EF04C3300FA4E92 /* Assets.xcassets in Resources */ = {isa = PBXBuildFile; fileRef = D23D3B411EF04C3300FA4E92 /* Assets.xcassets */; };
		D23D3B451EF04C3300FA4E92 /* LaunchScreen.storyboard in Resources */ = {isa = PBXBuildFile; fileRef = D23D3B431EF04C3300FA4E92 /* LaunchScreen.storyboard */; };
/* End PBXBuildFile section */

/* Begin PBXFileReference section */
		D23D3B371EF04C3300FA4E92 /* test git repository.app */ = {isa = PBXFileReference; explicitFileType = wrapper.application; includeInIndex = 0; path = "test git repository.app"; sourceTree = BUILT_PRODUCTS_DIR; };
		D23D3B3A1EF04C3300FA4E92 /* AppDelegate.swift */ = {isa = PBXFileReference; lastKnownFileType = sourcecode.swift; path = AppDelegate.swift; sourceTree = "<group>"; };
		D23D3B3C1EF04C3300FA4E92 /* ViewController.swift */ = {isa = PBXFileReference; lastKnownFileType = sourcecode.swift; path = ViewController.swift; sourceTree = "<group>"; };
		D23D3B3F1EF04C3300FA4E92 /* Base */ = {isa = PBXFileReference; lastKnownFileType = file.storyboard; name = Base; path = Base.lproj/Main.storyboard; sourceTree = "<group>"; };
		D23D3B411EF04C3300FA4E92 /* Assets.xcassets */ = {isa = PBXFileReference; lastKnownFileType = folder.assetcatalog; path = Assets.xcassets; sourceTree = "<group>"; };
		D23D3B441EF04C3300FA4E92 /* Base */ = {isa = PBXFileReference; lastKnownFileType = file.storyboard; name = Base; path = Base.lproj/LaunchScreen.storyboard; sourceTree = "<group>"; };
		D23D3B461EF04C3300FA4E92 /* Info.plist */ = {isa = PBXFileReference; lastKnownFileType = text.plist.xml; path = Info.plist; sourceTree = "<group>"; };
/* End PBXFileReference section */

/* Begin PBXFrameworksBuildPhase section */
		D23D3B341EF04C3300FA4E92 /* Frameworks */ = {
			isa = PBXFrameworksBuildPhase;
			buildActionMask = 2147483647;
			files = (
			);
			runOnlyForDeploymentPostprocessing = 0;
		};
/* End PBXFrameworksBuildPhase section */

/* Begin PBXGroup section */
		D23D3B2E1EF04C3300FA4E92 = {
			isa = PBXGroup;
			children = (
				D23D3B391EF04C3300FA4E92 /* test git repository */,
				D23D3B381EF04C3300FA4E92 /* Products */,
			);
			sourceTree = "<group>";
		};
		D23D3B381EF04C3300FA4E92 /* Products */ = {
			isa = PBXGroup;
			children = (
				D23D3B371EF04C3300FA4E92 /* test git repository.app */,
			);
			name = Products;
			sourceTree = "<group>";
		};
		D23D3B391EF04C3300FA4E92 /* test git repository */ = {
			isa = PBXGroup;
			children = (
				D23D3B3A1EF04C3300FA4E92 /* AppDelegate.swift */,
				D23D3B3C1EF04C3300FA4E92 /* ViewController.swift */,
				D23D3B3E1EF04C3300FA4E92 /* Main.storyboard */,
				D23D3B411EF04C3300FA4E92 /* Assets.xcassets */,
				D23D3B431EF04C3300FA4E92 /* LaunchScreen.storyboard */,
				D23D3B461EF04C3300FA4E92 /* Info.plist */,
			);
			path = "test git repository";
			sourceTree = "<group>";
		};
/* End PBXGroup section */

/* Begin PBXNativeTarget section */
		D23D3B361EF04C3300FA4E92 /* test git repository */ = {
			isa = PBXNativeTarget;
			buildConfigurationList = D23D3B491EF04C3300FA4E92 /* Build configuration list for PBXNativeTarget "test git repository" */;
			buildPhases = (
				D23D3B331EF04C3300FA4E92 /* Sources */,
				D23D3B341EF04C3300FA4E92 /* Frameworks */,
				D23D3B351EF04C3300FA4E92 /* Resources */,
			);
			buildRules = (
			);
			dependencies = (
			);
			name = "test git repository";
			productName = "test git repository";
			productReference = D23D3B371EF04C3300FA4E92 /* test git repository.app */;
			productType = "com.apple.product-type.application";
		};
/* End PBXNativeTarget section */

/* Begin PBXProject section */
		D23D3B2F1EF04C3300FA4E92 /* Project object */ = {
			isa = PBXProject;
			attributes = {
				LastSwiftUpdateCheck = 0830;
				LastUpgradeCheck = 0830;
				ORGANIZATIONNAME = "Sagar Pahlajani";
				TargetAttributes = {
					D23D3B361EF04C3300FA4E92 = {
						CreatedOnToolsVersion = 8.3.2;
						ProvisioningStyle = Automatic;
					};
				};
			};
			buildConfigurationList = D23D3B321EF04C3300FA4E92 /* Build configuration list for PBXProject "test git repository" */;
			compatibilityVersion = "Xcode 3.2";
			developmentRegion = English;
			hasScannedForEncodings = 0;
			knownRegions = (
				en,
				Base,
			);
			mainGroup = D23D3B2E1EF04C3300FA4E92;
			productRefGroup = D23D3B381EF04C3300FA4E92 /* Products */;
			projectDirPath = "";
			projectRoot = "";
			targets = (
				D23D3B361EF04C3300FA4E92 /* test git repository */,
			);
		};
/* End PBXProject section */

/* Begin PBXResourcesBuildPhase section */
		D23D3B351EF04C3300FA4E92 /* Resources */ = {
			isa = PBXResourcesBuildPhase;
			buildActionMask = 2147483647;
			files = (
				D23D3B451EF04C3300FA4E92 /* LaunchScreen.storyboard in Resources */,
				D23D3B421EF04C3300FA4E92 /* Assets.xcassets in Resources */,
				D23D3B401EF04C3300FA4E92 /* Main.storyboard in Resources */,
			);
			runOnlyForDeploymentPostprocessing = 0;
		};
/* End PBXResourcesBuildPhase section */

/* Begin PBXSourcesBuildPhase section */
		D23D3B331EF04C3300FA4E92 /* Sources */ = {
			isa = PBXSourcesBuildPhase;
			buildActionMask = 2147483647;
			files = (
				D23D3B3D1EF04C3300FA4E92 /* ViewController.swift in Sources */,
				D23D3B3B1EF04C3300FA4E92 /* AppDelegate.swift in Sources */,
			);
			runOnlyForDeploymentPostprocessing = 0;
		};
/* End PBXSourcesBuildPhase section */

/* Begin PBXVariantGroup section */
		D23D3B3E1EF04C3300FA4E92 /* Main.storyboard */ = {
			isa = PBXVariantGroup;
			children = (
				D23D3B3F1EF04C3300FA4E92 /* Base */,
			);
			name = Main.storyboard;
			sourceTree = "<group>";
		};
		D23D3B431EF04C3300FA4E92 /* LaunchScreen.storyboard */ = {
			isa = PBXVariantGroup;
			children = (
				D23D3B441EF04C3300FA4E92 /* Base */,
			);
			name = LaunchScreen.storyboard;
			sourceTree = "<group>";
		};
/* End PBXVariantGroup section */

/* Begin XCBuildConfiguration section */
		D23D3B471EF04C3300FA4E92 /* Debug */ = {
			isa = XCBuildConfiguration;
			buildSettings = {
				ALWAYS_SEARCH_USER_PATHS = NO;
				CLANG_ANALYZER_NONNULL = YES;
				CLANG_ANALYZER_NUMBER_OBJECT_CONVERSION = YES_AGGRESSIVE;
				CLANG_CXX_LANGUAGE_STANDARD = "gnu++0x";
				CLANG_CXX_LIBRARY = "libc++";
				CLANG_ENABLE_MODULES = YES;
				CLANG_ENABLE_OBJC_ARC = YES;
				CLANG_WARN_BOOL_CONVERSION = YES;
				CLANG_WARN_CONSTANT_CONVERSION = YES;
				CLANG_WARN_DIRECT_OBJC_ISA_USAGE = YES_ERROR;
				CLANG_WARN_DOCUMENTATION_COMMENTS = YES;
				CLANG_WARN_EMPTY_BODY = YES;
				CLANG_WARN_ENUM_CONVERSION = YES;
				CLANG_WARN_INFINITE_RECURSION = YES;
				CLANG_WARN_INT_CONVERSION = YES;
				CLANG_WARN_OBJC_ROOT_CLASS = YES_ERROR;
				CLANG_WARN_SUSPICIOUS_MOVE = YES;
				CLANG_WARN_UNREACHABLE_CODE = YES;
				CLANG_WARN__DUPLICATE_METHOD_MATCH = YES;
				"CODE_SIGN_IDENTITY[sdk=iphoneos*]" = "iPhone Developer";
				COPY_PHASE_STRIP = NO;
				DEBUG_INFORMATION_FORMAT = dwarf;
				ENABLE_STRICT_OBJC_MSGSEND = YES;
				ENABLE_TESTABILITY = YES;
				GCC_C_LANGUAGE_STANDARD = gnu99;
				GCC_DYNAMIC_NO_PIC = NO;
				GCC_NO_COMMON_BLOCKS = YES;
				GCC_OPTIMIZATION_LEVEL = 0;
				GCC_PREPROCESSOR_DEFINITIONS = (
					"DEBUG=1",
					"$(inherited)",
				);
				GCC_WARN_64_TO_32_BIT_CONVERSION = YES;
				GCC_WARN_ABOUT_RETURN_TYPE = YES_ERROR;
				GCC_WARN_UNDECLARED_SELECTOR = YES;
				GCC_WARN_UNINITIALIZED_AUTOS = YES_AGGRESSIVE;
				GCC_WARN_UNUSED_FUNCTION = YES;
				GCC_WARN_UNUSED_VARIABLE = YES;
				IPHONEOS_DEPLOYMENT_TARGET = 10.3;
				MTL_ENABLE_DEBUG_INFO = YES;
				ONLY_ACTIVE_ARCH = YES;
				SDKROOT = iphoneos;
				SWIFT_ACTIVE_COMPILATION_CONDITIONS = DEBUG;
				SWIFT_OPTIMIZATION_LEVEL = "-Onone";
				TARGETED_DEVICE_FAMILY = "1,2";
			};
			name = Debug;
		};
		D23D3B481EF04C3300FA4E92 /* Release */ = {
			isa = XCBuildConfiguration;
			buildSettings = {
				ALWAYS_SEARCH_USER_PATHS = NO;
				CLANG_ANALYZER_NONNULL = YES;
				CLANG_ANALYZER_NUMBER_OBJECT_CONVERSION = YES_AGGRESSIVE;
				CLANG_CXX_LANGUAGE_STANDARD = "gnu++0x";
				CLANG_CXX_LIBRARY = "libc++";
				CLANG_ENABLE_MODULES = YES;
				CLANG_ENABLE_OBJC_ARC = YES;
				CLANG_WARN_BOOL_CONVERSION = YES;
				CLANG_WARN_CONSTANT_CONVERSION = YES;
				CLANG_WARN_DIRECT_OBJC_ISA_USAGE = YES_ERROR;
				CLANG_WARN_DOCUMENTATION_COMMENTS = YES;
				CLANG_WARN_EMPTY_BODY = YES;
				CLANG_WARN_ENUM_CONVERSION = YES;
				CLANG_WARN_INFINITE_RECURSION = YES;
				CLANG_WARN_INT_CONVERSION = YES;
				CLANG_WARN_OBJC_ROOT_CLASS = YES_ERROR;
				CLANG_WARN_SUSPICIOUS_MOVE = YES;
				CLANG_WARN_UNREACHABLE_CODE = YES;
				CLANG_WARN__DUPLICATE_METHOD_MATCH = YES;
				"CODE_SIGN_IDENTITY[sdk=iphoneos*]" = "iPhone Developer";
				COPY_PHASE_STRIP = NO;
				DEBUG_INFORMATION_FORMAT = "dwarf-with-dsym";
				ENABLE_NS_ASSERTIONS = NO;
				ENABLE_STRICT_OBJC_MSGSEND = YES;
				GCC_C_LANGUAGE_STANDARD = gnu99;
				GCC_NO_COMMON_BLOCKS = YES;
				GCC_WARN_64_TO_32_BIT_CONVERSION = YES;
				GCC_WARN_ABOUT_RETURN_TYPE = YES_ERROR;
				GCC_WARN_UNDECLARED_SELECTOR = YES;
				GCC_WARN_UNINITIALIZED_AUTOS = YES_AGGRESSIVE;
				GCC_WARN_UNUSED_FUNCTION = YES;
				GCC_WARN_UNUSED_VARIABLE = YES;
				IPHONEOS_DEPLOYMENT_TARGET = 10.3;
				MTL_ENABLE_DEBUG_INFO = NO;
				SDKROOT = iphoneos;
				SWIFT_OPTIMIZATION_LEVEL = "-Owholemodule";
				TARGETED_DEVICE_FAMILY = "1,2";
				VALIDATE_PRODUCT = YES;
			};
			name = Release;
		};
		D23D3B4A1EF04C3300FA4E92 /* Debug */ = {
			isa = XCBuildConfiguration;
			buildSettings = {
				ASSETCATALOG_COMPILER_APPICON_NAME = AppIcon;
				INFOPLIST_FILE = "test git repository/Info.plist";
				LD_RUNPATH_SEARCH_PATHS = "$(inherited) @executable_path/Frameworks";
				PRODUCT_BUNDLE_IDENTIFIER = "sagar.test-git-repository";
				PRODUCT_NAME = "$(TARGET_NAME)";
				SWIFT_VERSION = 3.0;
			};
			name = Debug;
		};
		D23D3B4B1EF04C3300FA4E92 /* Release */ = {
			isa = XCBuildConfiguration;
			buildSettings = {
				ASSETCATALOG_COMPILER_APPICON_NAME = AppIcon;
				INFOPLIST_FILE = "test git repository/Info.plist";
				LD_RUNPATH_SEARCH_PATHS = "$(inherited) @executable_path/Frameworks";
				PRODUCT_BUNDLE_IDENTIFIER = "sagar.test-git-repository";
				PRODUCT_NAME = "$(TARGET_NAME)";
				SWIFT_VERSION = 3.0;
			};
			name = Release;
		};
/* End XCBuildConfiguration section */

/* Begin XCConfigurationList section */
		D23D3B321EF04C3300FA4E92 /* Build configuration list for PBXProject "test git repository" */ = {
			isa = XCConfigurationList;
			buildConfigurations = (
				D23D3B471EF04C3300FA4E92 /* Debug */,
				D23D3B481EF04C3300FA4E92 /* Release */,
			);
			defaultConfigurationIsVisible = 0;
			defaultConfigurationName = Release;
		};
		D23D3B491EF04C3300FA4E92 /* Build configuration list for PBXNativeTarget "test git repository" */ = {
			isa = XCConfigurationList;
			buildConfigurations = (
				D23D3B4A1EF04C3300FA4E92 /* Debug */,
				D23D3B4B1EF04C3300FA4E92 /* Release */,
			);
			defaultConfigurationIsVisible = 0;
		};
/* End XCConfigurationList section */
	};
	rootObject = D23D3B2F1EF04C3300FA4E92 /* Project object */;
}
